
Microsoft Visual Studio Solution File, Format Version 12.00
# Visual Studio 15
Project("{FAE04EC0-301F-11D3-BF4B-00C04F79EFBC}") = "PUN-Test", "Assembly-CSharp.csproj", "{8F9BC31D-E0DB-952F-F81F-8B4DBEB2F5A7}"
EndProject
Project("{FAE04EC0-301F-11D3-BF4B-00C04F79EFBC}") = "PUN-Test", "Assembly-CSharp-firstpass.csproj", "{4AF55E45-531F-1FCA-2660-FAC9B18E842A}"
EndProject
Global
	GlobalSection(SolutionConfigurationPlatforms) = preSolution
		Debug|Any CPU = Debug|Any CPU
		Release|Any CPU = Release|Any CPU
	EndGlobalSection
	GlobalSection(ProjectConfigurationPlatforms) = postSolution
		{8F9BC31D-E0DB-952F-F81F-8B4DBEB2F5A7}.Debug|Any CPU.ActiveCfg = Debug|Any CPU
		{8F9BC31D-E0DB-952F-F81F-8B4DBEB2F5A7}.Debug|Any CPU.Build.0 = Debug|Any CPU
		{8F9BC31D-E0DB-952F-F81F-8B4DBEB2F5A7}.Release|Any CPU.ActiveCfg = Release|Any CPU
		{8F9BC31D-E0DB-952F-F81F-8B4DBEB2F5A7}.Release|Any CPU.Build.0 = Release|Any CPU
		{4AF55E45-531F-1FCA-2660-FAC9B18E842A}.Debug|Any CPU.ActiveCfg = Debug|Any CPU
		{4AF55E45-531F-1FCA-2660-FAC9B18E842A}.Debug|Any CPU.Build.0 = Debug|Any CPU
		{4AF55E45-531F-1FCA-2660-FAC9B18E842A}.Release|Any CPU.ActiveCfg = Release|Any CPU
		{4AF55E45-531F-1FCA-2660-FAC9B18E842A}.Release|Any CPU.Build.0 = Release|Any CPU
	EndGlobalSection
	GlobalSection(SolutionProperties) = preSolution
		HideSolutionNode = FALSE
	EndGlobalSection
EndGlobal
